// !$*UTF8*$!
{
	archiveVersion = 1;
	classes = {
	};
	objectVersion = 50;
	objects = {

/* Begin PBXBuildFile section */
		2830C6072447F26C00E38334 /* AppDelegate.swift in Sources */ = {isa = PBXBuildFile; fileRef = 2830C6062447F26C00E38334 /* AppDelegate.swift */; };
		2830C6092447F26C00E38334 /* SceneDelegate.swift in Sources */ = {isa = PBXBuildFile; fileRef = 2830C6082447F26C00E38334 /* SceneDelegate.swift */; };
		2830C60C2447F26C00E38334 /* Day82.xcdatamodeld in Sources */ = {isa = PBXBuildFile; fileRef = 2830C60A2447F26C00E38334 /* Day82.xcdatamodeld */; };
		2830C60E2447F26C00E38334 /* ContentView.swift in Sources */ = {isa = PBXBuildFile; fileRef = 2830C60D2447F26C00E38334 /* ContentView.swift */; };
		2830C6102447F26C00E38334 /* Assets.xcassets in Resources */ = {isa = PBXBuildFile; fileRef = 2830C60F2447F26C00E38334 /* Assets.xcassets */; };
		2830C6132447F26C00E38334 /* Preview Assets.xcassets in Resources */ = {isa = PBXBuildFile; fileRef = 2830C6122447F26C00E38334 /* Preview Assets.xcassets */; };
		2830C6162447F26C00E38334 /* LaunchScreen.storyboard in Resources */ = {isa = PBXBuildFile; fileRef = 2830C6142447F26C00E38334 /* LaunchScreen.storyboard */; };
		2830C6212447F26C00E38334 /* Day82Tests.swift in Sources */ = {isa = PBXBuildFile; fileRef = 2830C6202447F26C00E38334 /* Day82Tests.swift */; };
		2830C62C2447F26D00E38334 /* Day82UITests.swift in Sources */ = {isa = PBXBuildFile; fileRef = 2830C62B2447F26D00E38334 /* Day82UITests.swift */; };
/* End PBXBuildFile section */

/* Begin PBXContainerItemProxy section */
		2830C61D2447F26C00E38334 /* PBXContainerItemProxy */ = {
			isa = PBXContainerItemProxy;
			containerPortal = 2830C5FB2447F26C00E38334 /* Project object */;
			proxyType = 1;
			remoteGlobalIDString = 2830C6022447F26C00E38334;
			remoteInfo = Day82;
		};
		2830C6282447F26C00E38334 /* PBXContainerItemProxy */ = {
			isa = PBXContainerItemProxy;
			containerPortal = 2830C5FB2447F26C00E38334 /* Project object */;
			proxyType = 1;
			remoteGlobalIDString = 2830C6022447F26C00E38334;
			remoteInfo = Day82;
		};
/* End PBXContainerItemProxy section */

/* Begin PBXFileReference section */
		2830C6032447F26C00E38334 /* Day82.app */ = {isa = PBXFileReference; explicitFileType = wrapper.application; includeInIndex = 0; path = Day82.app; sourceTree = BUILT_PRODUCTS_DIR; };
		2830C6062447F26C00E38334 /* AppDelegate.swift */ = {isa = PBXFileReference; lastKnownFileType = sourcecode.swift; path = AppDelegate.swift; sourceTree = "<group>"; };
		2830C6082447F26C00E38334 /* SceneDelegate.swift */ = {isa = PBXFileReference; lastKnownFileType = sourcecode.swift; path = SceneDelegate.swift; sourceTree = "<group>"; };
		2830C60B2447F26C00E38334 /* Day82.xcdatamodel */ = {isa = PBXFileReference; lastKnownFileType = wrapper.xcdatamodel; path = Day82.xcdatamodel; sourceTree = "<group>"; };
		2830C60D2447F26C00E38334 /* ContentView.swift */ = {isa = PBXFileReference; lastKnownFileType = sourcecode.swift; path = ContentView.swift; sourceTree = "<group>"; };
		2830C60F2447F26C00E38334 /* Assets.xcassets */ = {isa = PBXFileReference; lastKnownFileType = folder.assetcatalog; path = Assets.xcassets; sourceTree = "<group>"; };
		2830C6122447F26C00E38334 /* Preview Assets.xcassets */ = {isa = PBXFileReference; lastKnownFileType = folder.assetcatalog; path = "Preview Assets.xcassets"; sourceTree = "<group>"; };
		2830C6152447F26C00E38334 /* Base */ = {isa = PBXFileReference; lastKnownFileType = file.storyboard; name = Base; path = Base.lproj/LaunchScreen.storyboard; sourceTree = "<group>"; };
		2830C6172447F26C00E38334 /* Info.plist */ = {isa = PBXFileReference; lastKnownFileType = text.plist.xml; path = Info.plist; sourceTree = "<group>"; };
		2830C61C2447F26C00E38334 /* Day82Tests.xctest */ = {isa = PBXFileReference; explicitFileType = wrapper.cfbundle; includeInIndex = 0; path = Day82Tests.xctest; sourceTree = BUILT_PRODUCTS_DIR; };
		2830C6202447F26C00E38334 /* Day82Tests.swift */ = {isa = PBXFileReference; lastKnownFileType = sourcecode.swift; path = Day82Tests.swift; sourceTree = "<group>"; };
		2830C6222447F26C00E38334 /* Info.plist */ = {isa = PBXFileReference; lastKnownFileType = text.plist.xml; path = Info.plist; sourceTree = "<group>"; };
		2830C6272447F26C00E38334 /* Day82UITests.xctest */ = {isa = PBXFileReference; explicitFileType = wrapper.cfbundle; includeInIndex = 0; path = Day82UITests.xctest; sourceTree = BUILT_PRODUCTS_DIR; };
		2830C62B2447F26D00E38334 /* Day82UITests.swift */ = {isa = PBXFileReference; lastKnownFileType = sourcecode.swift; path = Day82UITests.swift; sourceTree = "<group>"; };
		2830C62D2447F26D00E38334 /* Info.plist */ = {isa = PBXFileReference; lastKnownFileType = text.plist.xml; path = Info.plist; sourceTree = "<group>"; };
/* End PBXFileReference section */

/* Begin PBXFrameworksBuildPhase section */
		2830C6002447F26C00E38334 /* Frameworks */ = {
			isa = PBXFrameworksBuildPhase;
			buildActionMask = 2147483647;
			files = (
			);
			runOnlyForDeploymentPostprocessing = 0;
		};
		2830C6192447F26C00E38334 /* Frameworks */ = {
			isa = PBXFrameworksBuildPhase;
			buildActionMask = 2147483647;
			files = (
			);
			runOnlyForDeploymentPostprocessing = 0;
		};
		2830C6242447F26C00E38334 /* Frameworks */ = {
			isa = PBXFrameworksBuildPhase;
			buildActionMask = 2147483647;
			files = (
			);
			runOnlyForDeploymentPostprocessing = 0;
		};
/* End PBXFrameworksBuildPhase section */

/* Begin PBXGroup section */
		2830C5FA2447F26C00E38334 = {
			isa = PBXGroup;
			children = (
				2830C6052447F26C00E38334 /* Day82 */,
				2830C61F2447F26C00E38334 /* Day82Tests */,
				2830C62A2447F26C00E38334 /* Day82UITests */,
				2830C6042447F26C00E38334 /* Products */,
			);
			sourceTree = "<group>";
		};
		2830C6042447F26C00E38334 /* Products */ = {
			isa = PBXGroup;
			children = (
				2830C6032447F26C00E38334 /* Day82.app */,
				2830C61C2447F26C00E38334 /* Day82Tests.xctest */,
				2830C6272447F26C00E38334 /* Day82UITests.xctest */,
			);
			name = Products;
			sourceTree = "<group>";
		};
		2830C6052447F26C00E38334 /* Day82 */ = {
			isa = PBXGroup;
			children = (
				2830C6062447F26C00E38334 /* AppDelegate.swift */,
				2830C6082447F26C00E38334 /* SceneDelegate.swift */,
				2830C60D2447F26C00E38334 /* ContentView.swift */,
				2830C60F2447F26C00E38334 /* Assets.xcassets */,
				2830C6142447F26C00E38334 /* LaunchScreen.storyboard */,
				2830C6172447F26C00E38334 /* Info.plist */,
				2830C60A2447F26C00E38334 /* Day82.xcdatamodeld */,
				2830C6112447F26C00E38334 /* Preview Content */,
			);
			path = Day82;
			sourceTree = "<group>";
		};
		2830C6112447F26C00E38334 /* Preview Content */ = {
			isa = PBXGroup;
			children = (
				2830C6122447F26C00E38334 /* Preview Assets.xcassets */,
			);
			path = "Preview Content";
			sourceTree = "<group>";
		};
		2830C61F2447F26C00E38334 /* Day82Tests */ = {
			isa = PBXGroup;
			children = (
				2830C6202447F26C00E38334 /* Day82Tests.swift */,
				2830C6222447F26C00E38334 /* Info.plist */,
			);
			path = Day82Tests;
			sourceTree = "<group>";
		};
		2830C62A2447F26C00E38334 /* Day82UITests */ = {
			isa = PBXGroup;
			children = (
				2830C62B2447F26D00E38334 /* Day82UITests.swift */,
				2830C62D2447F26D00E38334 /* Info.plist */,
			);
			path = Day82UITests;
			sourceTree = "<group>";
		};
/* End PBXGroup section */

/* Begin PBXNativeTarget section */
		2830C6022447F26C00E38334 /* Day82 */ = {
			isa = PBXNativeTarget;
			buildConfigurationList = 2830C6302447F26D00E38334 /* Build configuration list for PBXNativeTarget "Day82" */;
			buildPhases = (
				2830C5FF2447F26C00E38334 /* Sources */,
				2830C6002447F26C00E38334 /* Frameworks */,
				2830C6012447F26C00E38334 /* Resources */,
			);
			buildRules = (
			);
			dependencies = (
			);
			name = Day82;
			productName = Day82;
			productReference = 2830C6032447F26C00E38334 /* Day82.app */;
			productType = "com.apple.product-type.application";
		};
		2830C61B2447F26C00E38334 /* Day82Tests */ = {
			isa = PBXNativeTarget;
			buildConfigurationList = 2830C6332447F26D00E38334 /* Build configuration list for PBXNativeTarget "Day82Tests" */;
			buildPhases = (
				2830C6182447F26C00E38334 /* Sources */,
				2830C6192447F26C00E38334 /* Frameworks */,
				2830C61A2447F26C00E38334 /* Resources */,
			);
			buildRules = (
			);
			dependencies = (
				2830C61E2447F26C00E38334 /* PBXTargetDependency */,
			);
			name = Day82Tests;
			productName = Day82Tests;
			productReference = 2830C61C2447F26C00E38334 /* Day82Tests.xctest */;
			productType = "com.apple.product-type.bundle.unit-test";
		};
		2830C6262447F26C00E38334 /* Day82UITests */ = {
			isa = PBXNativeTarget;
			buildConfigurationList = 2830C6362447F26D00E38334 /* Build configuration list for PBXNativeTarget "Day82UITests" */;
			buildPhases = (
				2830C6232447F26C00E38334 /* Sources */,
				2830C6242447F26C00E38334 /* Frameworks */,
				2830C6252447F26C00E38334 /* Resources */,
			);
			buildRules = (
			);
			dependencies = (
				2830C6292447F26C00E38334 /* PBXTargetDependency */,
			);
			name = Day82UITests;
			productName = Day82UITests;
			productReference = 2830C6272447F26C00E38334 /* Day82UITests.xctest */;
			productType = "com.apple.product-type.bundle.ui-testing";
		};
/* End PBXNativeTarget section */

/* Begin PBXProject section */
		2830C5FB2447F26C00E38334 /* Project object */ = {
			isa = PBXProject;
			attributes = {
				LastSwiftUpdateCheck = 1140;
				LastUpgradeCheck = 1140;
				ORGANIZATIONNAME = "Viettasc Doan";
				TargetAttributes = {
					2830C6022447F26C00E38334 = {
						CreatedOnToolsVersion = 11.4;
					};
					2830C61B2447F26C00E38334 = {
						CreatedOnToolsVersion = 11.4;
						TestTargetID = 2830C6022447F26C00E38334;
					};
					2830C6262447F26C00E38334 = {
						CreatedOnToolsVersion = 11.4;
						TestTargetID = 2830C6022447F26C00E38334;
					};
				};
			};
			buildConfigurationList = 2830C5FE2447F26C00E38334 /* Build configuration list for PBXProject "Day82" */;
			compatibilityVersion = "Xcode 9.3";
			developmentRegion = en;
			hasScannedForEncodings = 0;
			knownRegions = (
				en,
				Base,
			);
			mainGroup = 2830C5FA2447F26C00E38334;
			productRefGroup = 2830C6042447F26C00E38334 /* Products */;
			projectDirPath = "";
			projectRoot = "";
			targets = (
				2830C6022447F26C00E38334 /* Day82 */,
				2830C61B2447F26C00E38334 /* Day82Tests */,
				2830C6262447F26C00E38334 /* Day82UITests */,
			);
		};
/* End PBXProject section */

/* Begin PBXResourcesBuildPhase section */
		2830C6012447F26C00E38334 /* Resources */ = {
			isa = PBXResourcesBuildPhase;
			buildActionMask = 2147483647;
			files = (
				2830C6162447F26C00E38334 /* LaunchScreen.storyboard in Resources */,
				2830C6132447F26C00E38334 /* Preview Assets.xcassets in Resources */,
				2830C6102447F26C00E38334 /* Assets.xcassets in Resources */,
			);
			runOnlyForDeploymentPostprocessing = 0;
		};
		2830C61A2447F26C00E38334 /* Resources */ = {
			isa = PBXResourcesBuildPhase;
			buildActionMask = 2147483647;
			files = (
			);
			runOnlyForDeploymentPostprocessing = 0;
		};
		2830C6252447F26C00E38334 /* Resources */ = {
			isa = PBXResourcesBuildPhase;
			buildActionMask = 2147483647;
			files = (
			);
			runOnlyForDeploymentPostprocessing = 0;
		};
/* End PBXResourcesBuildPhase section */

/* Begin PBXSourcesBuildPhase section */
		2830C5FF2447F26C00E38334 /* Sources */ = {
			isa = PBXSourcesBuildPhase;
			buildActionMask = 2147483647;
			files = (
				2830C6072447F26C00E38334 /* AppDelegate.swift in Sources */,
				2830C6092447F26C00E38334 /* SceneDelegate.swift in Sources */,
				2830C60E2447F26C00E38334 /* ContentView.swift in Sources */,
				2830C60C2447F26C00E38334 /* Day82.xcdatamodeld in Sources */,
			);
			runOnlyForDeploymentPostprocessing = 0;
		};
		2830C6182447F26C00E38334 /* Sources */ = {
			isa = PBXSourcesBuildPhase;
			buildActionMask = 2147483647;
			files = (
				2830C6212447F26C00E38334 /* Day82Tests.swift in Sources */,
			);
			runOnlyForDeploymentPostprocessing = 0;
		};
		2830C6232447F26C00E38334 /* Sources */ = {
			isa = PBXSourcesBuildPhase;
			buildActionMask = 2147483647;
			files = (
				2830C62C2447F26D00E38334 /* Day82UITests.swift in Sources */,
			);
			runOnlyForDeploymentPostprocessing = 0;
		};
/* End PBXSourcesBuildPhase section */

/* Begin PBXTargetDependency section */
		2830C61E2447F26C00E38334 /* PBXTargetDependency */ = {
			isa = PBXTargetDependency;
			target = 2830C6022447F26C00E38334 /* Day82 */;
			targetProxy = 2830C61D2447F26C00E38334 /* PBXContainerItemProxy */;
		};
		2830C6292447F26C00E38334 /* PBXTargetDependency */ = {
			isa = PBXTargetDependency;
			target = 2830C6022447F26C00E38334 /* Day82 */;
			targetProxy = 2830C6282447F26C00E38334 /* PBXContainerItemProxy */;
		};
/* End PBXTargetDependency section */

/* Begin PBXVariantGroup section */
		2830C6142447F26C00E38334 /* LaunchScreen.storyboard */ = {
			isa = PBXVariantGroup;
			children = (
				2830C6152447F26C00E38334 /* Base */,
			);
			name = LaunchScreen.storyboard;
			sourceTree = "<group>";
		};
/* End PBXVariantGroup section */

/* Begin XCBuildConfiguration section */
		2830C62E2447F26D00E38334 /* Debug */ = {
			isa = XCBuildConfiguration;
			buildSettings = {
				ALWAYS_SEARCH_USER_PATHS = NO;
				CLANG_ANALYZER_NONNULL = YES;
				CLANG_ANALYZER_NUMBER_OBJECT_CONVERSION = YES_AGGRESSIVE;
				CLANG_CXX_LANGUAGE_STANDARD = "gnu++14";
				CLANG_CXX_LIBRARY = "libc++";
				CLANG_ENABLE_MODULES = YES;
				CLANG_ENABLE_OBJC_ARC = YES;
				CLANG_ENABLE_OBJC_WEAK = YES;
				CLANG_WARN_BLOCK_CAPTURE_AUTORELEASING = YES;
				CLANG_WARN_BOOL_CONVERSION = YES;
				CLANG_WARN_COMMA = YES;
				CLANG_WARN_CONSTANT_CONVERSION = YES;
				CLANG_WARN_DEPRECATED_OBJC_IMPLEMENTATIONS = YES;
				CLANG_WARN_DIRECT_OBJC_ISA_USAGE = YES_ERROR;
				CLANG_WARN_DOCUMENTATION_COMMENTS = YES;
				CLANG_WARN_EMPTY_BODY = YES;
				CLANG_WARN_ENUM_CONVERSION = YES;
				CLANG_WARN_INFINITE_RECURSION = YES;
				CLANG_WARN_INT_CONVERSION = YES;
				CLANG_WARN_NON_LITERAL_NULL_CONVERSION = YES;
				CLANG_WARN_OBJC_IMPLICIT_RETAIN_SELF = YES;
				CLANG_WARN_OBJC_LITERAL_CONVERSION = YES;
				CLANG_WARN_OBJC_ROOT_CLASS = YES_ERROR;
				CLANG_WARN_RANGE_LOOP_ANALYSIS = YES;
				CLANG_WARN_STRICT_PROTOTYPES = YES;
				CLANG_WARN_SUSPICIOUS_MOVE = YES;
				CLANG_WARN_UNGUARDED_AVAILABILITY = YES_AGGRESSIVE;
				CLANG_WARN_UNREACHABLE_CODE = YES;
				CLANG_WARN__DUPLICATE_METHOD_MATCH = YES;
				COPY_PHASE_STRIP = NO;
				DEBUG_INFORMATION_FORMAT = dwarf;
				ENABLE_STRICT_OBJC_MSGSEND = YES;
				ENABLE_TESTABILITY = YES;
				GCC_C_LANGUAGE_STANDARD = gnu11;
				GCC_DYNAMIC_NO_PIC = NO;
				GCC_NO_COMMON_BLOCKS = YES;
				GCC_OPTIMIZATION_LEVEL = 0;
				GCC_PREPROCESSOR_DEFINITIONS = (
					"DEBUG=1",
					"$(inherited)",
				);
				GCC_WARN_64_TO_32_BIT_CONVERSION = YES;
				GCC_WARN_ABOUT_RETURN_TYPE = YES_ERROR;
				GCC_WARN_UNDECLARED_SELECTOR = YES;
				GCC_WARN_UNINITIALIZED_AUTOS = YES_AGGRESSIVE;
				GCC_WARN_UNUSED_FUNCTION = YES;
				GCC_WARN_UNUSED_VARIABLE = YES;
				IPHONEOS_DEPLOYMENT_TARGET = 13.4;
				MTL_ENABLE_DEBUG_INFO = INCLUDE_SOURCE;
				MTL_FAST_MATH = YES;
				ONLY_ACTIVE_ARCH = YES;
				SDKROOT = iphoneos;
				SWIFT_ACTIVE_COMPILATION_CONDITIONS = DEBUG;
				SWIFT_OPTIMIZATION_LEVEL = "-Onone";
			};
			name = Debug;
		};
		2830C62F2447F26D00E38334 /* Release */ = {
			isa = XCBuildConfiguration;
			buildSettings = {
				ALWAYS_SEARCH_USER_PATHS = NO;
				CLANG_ANALYZER_NONNULL = YES;
				CLANG_ANALYZER_NUMBER_OBJECT_CONVERSION = YES_AGGRESSIVE;
				CLANG_CXX_LANGUAGE_STANDARD = "gnu++14";
				CLANG_CXX_LIBRARY = "libc++";
				CLANG_ENABLE_MODULES = YES;
				CLANG_ENABLE_OBJC_ARC = YES;
				CLANG_ENABLE_OBJC_WEAK = YES;
				CLANG_WARN_BLOCK_CAPTURE_AUTORELEASING = YES;
				CLANG_WARN_BOOL_CONVERSION = YES;
				CLANG_WARN_COMMA = YES;
				CLANG_WARN_CONSTANT_CONVERSION = YES;
				CLANG_WARN_DEPRECATED_OBJC_IMPLEMENTATIONS = YES;
				CLANG_WARN_DIRECT_OBJC_ISA_USAGE = YES_ERROR;
				CLANG_WARN_DOCUMENTATION_COMMENTS = YES;
				CLANG_WARN_EMPTY_BODY = YES;
				CLANG_WARN_ENUM_CONVERSION = YES;
				CLANG_WARN_INFINITE_RECURSION = YES;
				CLANG_WARN_INT_CONVERSION = YES;
				CLANG_WARN_NON_LITERAL_NULL_CONVERSION = YES;
				CLANG_WARN_OBJC_IMPLICIT_RETAIN_SELF = YES;
				CLANG_WARN_OBJC_LITERAL_CONVERSION = YES;
				CLANG_WARN_OBJC_ROOT_CLASS = YES_ERROR;
				CLANG_WARN_RANGE_LOOP_ANALYSIS = YES;
				CLANG_WARN_STRICT_PROTOTYPES = YES;
				CLANG_WARN_SUSPICIOUS_MOVE = YES;
				CLANG_WARN_UNGUARDED_AVAILABILITY = YES_AGGRESSIVE;
				CLANG_WARN_UNREACHABLE_CODE = YES;
				CLANG_WARN__DUPLICATE_METHOD_MATCH = YES;
				COPY_PHASE_STRIP = NO;
				DEBUG_INFORMATION_FORMAT = "dwarf-with-dsym";
				ENABLE_NS_ASSERTIONS = NO;
				ENABLE_STRICT_OBJC_MSGSEND = YES;
				GCC_C_LANGUAGE_STANDARD = gnu11;
				GCC_NO_COMMON_BLOCKS = YES;
				GCC_WARN_64_TO_32_BIT_CONVERSION = YES;
				GCC_WARN_ABOUT_RETURN_TYPE = YES_ERROR;
				GCC_WARN_UNDECLARED_SELECTOR = YES;
				GCC_WARN_UNINITIALIZED_AUTOS = YES_AGGRESSIVE;
				GCC_WARN_UNUSED_FUNCTION = YES;
				GCC_WARN_UNUSED_VARIABLE = YES;
				IPHONEOS_DEPLOYMENT_TARGET = 13.4;
				MTL_ENABLE_DEBUG_INFO = NO;
				MTL_FAST_MATH = YES;
				SDKROOT = iphoneos;
				SWIFT_COMPILATION_MODE = wholemodule;
				SWIFT_OPTIMIZATION_LEVEL = "-O";
				VALIDATE_PRODUCT = YES;
			};
			name = Release;
		};
		2830C6312447F26D00E38334 /* Debug */ = {
			isa = XCBuildConfiguration;
			buildSettings = {
				ASSETCATALOG_COMPILER_APPICON_NAME = AppIcon;
				CODE_SIGN_STYLE = Automatic;
				DEVELOPMENT_ASSET_PATHS = "\"Day82/Preview Content\"";
				DEVELOPMENT_TEAM = 62WM398225;
				ENABLE_PREVIEWS = YES;
				INFOPLIST_FILE = Day82/Info.plist;
				LD_RUNPATH_SEARCH_PATHS = (
					"$(inherited)",
					"@executable_path/Frameworks",
				);
				PRODUCT_BUNDLE_IDENTIFIER = izzy.ace.mia.senegal.viettasc.Day82;
				PRODUCT_NAME = "$(TARGET_NAME)";
				SWIFT_VERSION = 5.0;
				TARGETED_DEVICE_FAMILY = "1,2";
			};
			name = Debug;
		};
		2830C6322447F26D00E38334 /* Release */ = {
			isa = XCBuildConfiguration;
			buildSettings = {
				ASSETCATALOG_COMPILER_APPICON_NAME = AppIcon;
				CODE_SIGN_STYLE = Automatic;
				DEVELOPMENT_ASSET_PATHS = "\"Day82/Preview Content\"";
				DEVELOPMENT_TEAM = 62WM398225;
				ENABLE_PREVIEWS = YES;
				INFOPLIST_FILE = Day82/Info.plist;
				LD_RUNPATH_SEARCH_PATHS = (
					"$(inherited)",
					"@executable_path/Frameworks",
				);
				PRODUCT_BUNDLE_IDENTIFIER = izzy.ace.mia.senegal.viettasc.Day82;
				PRODUCT_NAME = "$(TARGET_NAME)";
				SWIFT_VERSION = 5.0;
				TARGETED_DEVICE_FAMILY = "1,2";
			};
			name = Release;
		};
		2830C6342447F26D00E38334 /* Debug */ = {
			isa = XCBuildConfiguration;
			buildSettings = {
				ALWAYS_EMBED_SWIFT_STANDARD_LIBRARIES = YES;
				BUNDLE_LOADER = "$(TEST_HOST)";
				CODE_SIGN_STYLE = Automatic;
				DEVELOPMENT_TEAM = 62WM398225;
				INFOPLIST_FILE = Day82Tests/Info.plist;
				IPHONEOS_DEPLOYMENT_TARGET = 13.4;
				LD_RUNPATH_SEARCH_PATHS = (
					"$(inherited)",
					"@executable_path/Frameworks",
					"@loader_path/Frameworks",
				);
				PRODUCT_BUNDLE_IDENTIFIER = izzy.ace.mia.senegal.viettasc.Day82Tests;
				PRODUCT_NAME = "$(TARGET_NAME)";
				SWIFT_VERSION = 5.0;
				TARGETED_DEVICE_FAMILY = "1,2";
				TEST_HOST = "$(BUILT_PRODUCTS_DIR)/Day82.app/Day82";
			};
			name = Debug;
		};
		2830C6352447F26D00E38334 /* Release */ = {
			isa = XCBuildConfiguration;
			buildSettings = {
				ALWAYS_EMBED_SWIFT_STANDARD_LIBRARIES = YES;
				BUNDLE_LOADER = "$(TEST_HOST)";
				CODE_SIGN_STYLE = Automatic;
				DEVELOPMENT_TEAM = 62WM398225;
				INFOPLIST_FILE = Day82Tests/Info.plist;
				IPHONEOS_DEPLOYMENT_TARGET = 13.4;
				LD_RUNPATH_SEARCH_PATHS = (
					"$(inherited)",
					"@executable_path/Frameworks",
					"@loader_path/Frameworks",
				);
				PRODUCT_BUNDLE_IDENTIFIER = izzy.ace.mia.senegal.viettasc.Day82Tests;
				PRODUCT_NAME = "$(TARGET_NAME)";
				SWIFT_VERSION = 5.0;
				TARGETED_DEVICE_FAMILY = "1,2";
				TEST_HOST = "$(BUILT_PRODUCTS_DIR)/Day82.app/Day82";
			};
			name = Release;
		};
		2830C6372447F26D00E38334 /* Debug */ = {
			isa = XCBuildConfiguration;
			buildSettings = {
				ALWAYS_EMBED_SWIFT_STANDARD_LIBRARIES = YES;
				CODE_SIGN_STYLE = Automatic;
				DEVELOPMENT_TEAM = 62WM398225;
				INFOPLIST_FILE = Day82UITests/Info.plist;
				LD_RUNPATH_SEARCH_PATHS = (
					"$(inherited)",
					"@executable_path/Frameworks",
					"@loader_path/Frameworks",
				);
				PRODUCT_BUNDLE_IDENTIFIER = izzy.ace.mia.senegal.viettasc.Day82UITests;
				PRODUCT_NAME = "$(TARGET_NAME)";
				SWIFT_VERSION = 5.0;
				TARGETED_DEVICE_FAMILY = "1,2";
				TEST_TARGET_NAME = Day82;
			};
			name = Debug;
		};
		2830C6382447F26D00E38334 /* Release */ = {
			isa = XCBuildConfiguration;
			buildSettings = {
				ALWAYS_EMBED_SWIFT_STANDARD_LIBRARIES = YES;
				CODE_SIGN_STYLE = Automatic;
				DEVELOPMENT_TEAM = 62WM398225;
				INFOPLIST_FILE = Day82UITests/Info.plist;
				LD_RUNPATH_SEARCH_PATHS = (
					"$(inherited)",
					"@executable_path/Frameworks",
					"@loader_path/Frameworks",
				);
				PRODUCT_BUNDLE_IDENTIFIER = izzy.ace.mia.senegal.viettasc.Day82UITests;
				PRODUCT_NAME = "$(TARGET_NAME)";
				SWIFT_VERSION = 5.0;
				TARGETED_DEVICE_FAMILY = "1,2";
				TEST_TARGET_NAME = Day82;
			};
			name = Release;
		};
/* End XCBuildConfiguration section */

/* Begin XCConfigurationList section */
		2830C5FE2447F26C00E38334 /* Build configuration list for PBXProject "Day82" */ = {
			isa = XCConfigurationList;
			buildConfigurations = (
				2830C62E2447F26D00E38334 /* Debug */,
				2830C62F2447F26D00E38334 /* Release */,
			);
			defaultConfigurationIsVisible = 0;
			defaultConfigurationName = Release;
		};
		2830C6302447F26D00E38334 /* Build configuration list for PBXNativeTarget "Day82" */ = {
			isa = XCConfigurationList;
			buildConfigurations = (
				2830C6312447F26D00E38334 /* Debug */,
				2830C6322447F26D00E38334 /* Release */,
			);
			defaultConfigurationIsVisible = 0;
			defaultConfigurationName = Release;
		};
		2830C6332447F26D00E38334 /* Build configuration list for PBXNativeTarget "Day82Tests" */ = {
			isa = XCConfigurationList;
			buildConfigurations = (
				2830C6342447F26D00E38334 /* Debug */,
				2830C6352447F26D00E38334 /* Release */,
			);
			defaultConfigurationIsVisible = 0;
			defaultConfigurationName = Release;
		};
		2830C6362447F26D00E38334 /* Build configuration list for PBXNativeTarget "Day82UITests" */ = {
			isa = XCConfigurationList;
			buildConfigurations = (
				2830C6372447F26D00E38334 /* Debug */,
				2830C6382447F26D00E38334 /* Release */,
			);
			defaultConfigurationIsVisible = 0;
			defaultConfigurationName = Release;
		};
/* End XCConfigurationList section */

/* Begin XCVersionGroup section */
		2830C60A2447F26C00E38334 /* Day82.xcdatamodeld */ = {
			isa = XCVersionGroup;
			children = (
				2830C60B2447F26C00E38334 /* Day82.xcdatamodel */,
			);
			currentVersion = 2830C60B2447F26C00E38334 /* Day82.xcdatamodel */;
			path = Day82.xcdatamodeld;
			sourceTree = "<group>";
			versionGroupType = wrapper.xcdatamodel;
		};
/* End XCVersionGroup section */
	};
	rootObject = 2830C5FB2447F26C00E38334 /* Project object */;
}
